
Microsoft Visual Studio Solution File, Format Version 12.00
# Visual Studio Version 17
VisualStudioVersion = 17.7.34024.191
MinimumVisualStudioVersion = 10.0.40219.1
Project("{8BC9CEB8-8B4A-11D0-8D11-00A0C91BC942}") = "Stacl", "Stacl.vcxproj", "{C438A0AF-A27D-4DD4-82CD-FDDA8895B61D}"
EndProject
Global
	GlobalSection(SolutionConfigurationPlatforms) = preSolution
		Debug|x64 = Debug|x64
		Debug|x86 = Debug|x86
		Release|x64 = Release|x64
		Release|x86 = Release|x86
	EndGlobalSection
	GlobalSection(ProjectConfigurationPlatforms) = postSolution
		{C438A0AF-A27D-4DD4-82CD-FDDA8895B61D}.Debug|x64.ActiveCfg = Debug|x64
		{C438A0AF-A27D-4DD4-82CD-FDDA8895B61D}.Debug|x64.Build.0 = Debug|x64
		{C438A0AF-A27D-4DD4-82CD-FDDA8895B61D}.Debug|x86.ActiveCfg = Debug|Win32
		{C438A0AF-A27D-4DD4-82CD-FDDA8895B61D}.Debug|x86.Build.0 = Debug|Win32
		{C438A0AF-A27D-4DD4-82CD-FDDA8895B61D}.Release|x64.ActiveCfg = Release|x64
		{C438A0AF-A27D-4DD4-82CD-FDDA8895B61D}.Release|x64.Build.0 = Release|x64
		{C438A0AF-A27D-4DD4-82CD-FDDA8895B61D}.Release|x86.ActiveCfg = Release|Win32
		{C438A0AF-A27D-4DD4-82CD-FDDA8895B61D}.Release|x86.Build.0 = Release|Win32
	EndGlobalSection
	GlobalSection(SolutionProperties) = preSolution
		HideSolutionNode = FALSE
	EndGlobalSection
	GlobalSection(ExtensibilityGlobals) = postSolution
		SolutionGuid = {DE43AD9B-CDC7-4075-9F74-7AA7B09CA514}
	EndGlobalSection
EndGlobal
